
Microsoft Visual Studio Solution File, Format Version 12.00
# Visual Studio Version 17
VisualStudioVersion = 17.13.35931.197 d17.13
MinimumVisualStudioVersion = 10.0.40219.1
Project("{FAE04EC0-301F-11D3-BF4B-00C04F79EFBC}") = "AppDocentes", "AppDocentes\AppDocentes.csproj", "{72A99083-5890-4034-9BB4-D90DF8592111}"
EndProject
Global
	GlobalSection(SolutionConfigurationPlatforms) = preSolution
		Debug|Any CPU = Debug|Any CPU
		Release|Any CPU = Release|Any CPU
	EndGlobalSection
	GlobalSection(ProjectConfigurationPlatforms) = postSolution
		{72A99083-5890-4034-9BB4-D90DF8592111}.Debug|Any CPU.ActiveCfg = Debug|Any CPU
		{72A99083-5890-4034-9BB4-D90DF8592111}.Debug|Any CPU.Build.0 = Debug|Any CPU
		{72A99083-5890-4034-9BB4-D90DF8592111}.Release|Any CPU.ActiveCfg = Release|Any CPU
		{72A99083-5890-4034-9BB4-D90DF8592111}.Release|Any CPU.Build.0 = Release|Any CPU
	EndGlobalSection
	GlobalSection(SolutionProperties) = preSolution
		HideSolutionNode = FALSE
	EndGlobalSection
	GlobalSection(ExtensibilityGlobals) = postSolution
		SolutionGuid = {DBE956AD-7822-4CBC-B812-E2B5A2DADBE5}
	EndGlobalSection
EndGlobal
